
Microsoft Visual Studio Solution File, Format Version 12.00
# Visual Studio Version 16
VisualStudioVersion = 16.0.31105.61
MinimumVisualStudioVersion = 10.0.40219.1
Project("{9A19103F-16F7-4668-BE54-9A1E7A4F7556}") = "Lesson2", "Lesson2\Lesson2.csproj", "{0DC59510-148C-4228-9837-46C05019445A}"
EndProject
Project("{9A19103F-16F7-4668-BE54-9A1E7A4F7556}") = "Lesson1", "Lesson1\Lesson1.csproj", "{BC9E9D08-8C08-4073-9558-57B933734809}"
EndProject
Project("{9A19103F-16F7-4668-BE54-9A1E7A4F7556}") = "Lesson4_Search", "Lesson4\Lesson4_Search.csproj", "{2F37941A-98C6-47CC-B247-A4461050A1AD}"
EndProject
Project("{FAE04EC0-301F-11D3-BF4B-00C04F79EFBC}") = "Lesson4_BTree", "Lesson4_BTree\Lesson4_BTree.csproj", "{BBFE66C7-0A38-4F36-83F6-975D368FAF01}"
EndProject
Global
	GlobalSection(SolutionConfigurationPlatforms) = preSolution
		Debug|Any CPU = Debug|Any CPU
		Release|Any CPU = Release|Any CPU
	EndGlobalSection
	GlobalSection(ProjectConfigurationPlatforms) = postSolution
		{0DC59510-148C-4228-9837-46C05019445A}.Debug|Any CPU.ActiveCfg = Debug|Any CPU
		{0DC59510-148C-4228-9837-46C05019445A}.Debug|Any CPU.Build.0 = Debug|Any CPU
		{0DC59510-148C-4228-9837-46C05019445A}.Release|Any CPU.ActiveCfg = Release|Any CPU
		{0DC59510-148C-4228-9837-46C05019445A}.Release|Any CPU.Build.0 = Release|Any CPU
		{BC9E9D08-8C08-4073-9558-57B933734809}.Debug|Any CPU.ActiveCfg = Debug|Any CPU
		{BC9E9D08-8C08-4073-9558-57B933734809}.Debug|Any CPU.Build.0 = Debug|Any CPU
		{BC9E9D08-8C08-4073-9558-57B933734809}.Release|Any CPU.ActiveCfg = Release|Any CPU
		{BC9E9D08-8C08-4073-9558-57B933734809}.Release|Any CPU.Build.0 = Release|Any CPU
		{2F37941A-98C6-47CC-B247-A4461050A1AD}.Debug|Any CPU.ActiveCfg = Debug|Any CPU
		{2F37941A-98C6-47CC-B247-A4461050A1AD}.Debug|Any CPU.Build.0 = Debug|Any CPU
		{2F37941A-98C6-47CC-B247-A4461050A1AD}.Release|Any CPU.ActiveCfg = Release|Any CPU
		{2F37941A-98C6-47CC-B247-A4461050A1AD}.Release|Any CPU.Build.0 = Release|Any CPU
		{BBFE66C7-0A38-4F36-83F6-975D368FAF01}.Debug|Any CPU.ActiveCfg = Debug|Any CPU
		{BBFE66C7-0A38-4F36-83F6-975D368FAF01}.Debug|Any CPU.Build.0 = Debug|Any CPU
		{BBFE66C7-0A38-4F36-83F6-975D368FAF01}.Release|Any CPU.ActiveCfg = Release|Any CPU
		{BBFE66C7-0A38-4F36-83F6-975D368FAF01}.Release|Any CPU.Build.0 = Release|Any CPU
	EndGlobalSection
	GlobalSection(SolutionProperties) = preSolution
		HideSolutionNode = FALSE
	EndGlobalSection
	GlobalSection(ExtensibilityGlobals) = postSolution
		SolutionGuid = {207886A3-EDA6-44DF-95B4-6CCAD14A80E8}
	EndGlobalSection
EndGlobal
