
Microsoft Visual Studio Solution File, Format Version 12.00
# Visual Studio Version 16
VisualStudioVersion = 16.0.31105.61
MinimumVisualStudioVersion = 10.0.40219.1
Project("{9A19103F-16F7-4668-BE54-9A1E7A4F7556}") = "Lesson2", "Lesson2\Lesson2.csproj", "{0DC59510-148C-4228-9837-46C05019445A}"
EndProject
Project("{9A19103F-16F7-4668-BE54-9A1E7A4F7556}") = "Lesson1", "Lesson1\Lesson1.csproj", "{BC9E9D08-8C08-4073-9558-57B933734809}"
EndProject
Project("{9A19103F-16F7-4668-BE54-9A1E7A4F7556}") = "Lesson3", "Lesson3\Lesson3.csproj", "{91BE46E2-F651-4C77-9BC1-BF390094BB9F}"
EndProject
Project("{9A19103F-16F7-4668-BE54-9A1E7A4F7556}") = "Lesson5", "Lesson5\Lesson5.csproj", "{DAD4B8E6-6AEB-4267-980C-77E157B1AC36}"
EndProject
Project("{9A19103F-16F7-4668-BE54-9A1E7A4F7556}") = "Lesson5_Tests", "Lesson5_Tests\Lesson5_Tests.csproj", "{F78B3629-BC13-48BB-A8C4-6510E6D4012E}"
EndProject
Project("{9A19103F-16F7-4668-BE54-9A1E7A4F7556}") = "Lesson4_Search", "Lesson4\Lesson4_Search.csproj", "{56A35D15-E0E0-428F-B912-D0AB316A9F96}"
EndProject
Project("{9A19103F-16F7-4668-BE54-9A1E7A4F7556}") = "Lesson4_BTree", "Lesson4_BTree\Lesson4_BTree.csproj", "{C8B2846D-01F0-467F-B92E-85193CCCB544}"
EndProject
Project("{FAE04EC0-301F-11D3-BF4B-00C04F79EFBC}") = "Lesson7", "Lesson7\Lesson7.csproj", "{9DDA5ED0-464C-4FCB-B940-47EC8CD1DFD4}"
EndProject
Global
	GlobalSection(SolutionConfigurationPlatforms) = preSolution
		Debug|Any CPU = Debug|Any CPU
		Release|Any CPU = Release|Any CPU
	EndGlobalSection
	GlobalSection(ProjectConfigurationPlatforms) = postSolution
		{0DC59510-148C-4228-9837-46C05019445A}.Debug|Any CPU.ActiveCfg = Debug|Any CPU
		{0DC59510-148C-4228-9837-46C05019445A}.Debug|Any CPU.Build.0 = Debug|Any CPU
		{0DC59510-148C-4228-9837-46C05019445A}.Release|Any CPU.ActiveCfg = Release|Any CPU
		{0DC59510-148C-4228-9837-46C05019445A}.Release|Any CPU.Build.0 = Release|Any CPU
		{BC9E9D08-8C08-4073-9558-57B933734809}.Debug|Any CPU.ActiveCfg = Debug|Any CPU
		{BC9E9D08-8C08-4073-9558-57B933734809}.Debug|Any CPU.Build.0 = Debug|Any CPU
		{BC9E9D08-8C08-4073-9558-57B933734809}.Release|Any CPU.ActiveCfg = Release|Any CPU
		{BC9E9D08-8C08-4073-9558-57B933734809}.Release|Any CPU.Build.0 = Release|Any CPU
		{91BE46E2-F651-4C77-9BC1-BF390094BB9F}.Debug|Any CPU.ActiveCfg = Debug|Any CPU
		{91BE46E2-F651-4C77-9BC1-BF390094BB9F}.Debug|Any CPU.Build.0 = Debug|Any CPU
		{91BE46E2-F651-4C77-9BC1-BF390094BB9F}.Release|Any CPU.ActiveCfg = Release|Any CPU
		{91BE46E2-F651-4C77-9BC1-BF390094BB9F}.Release|Any CPU.Build.0 = Release|Any CPU
		{DAD4B8E6-6AEB-4267-980C-77E157B1AC36}.Debug|Any CPU.ActiveCfg = Debug|Any CPU
		{DAD4B8E6-6AEB-4267-980C-77E157B1AC36}.Debug|Any CPU.Build.0 = Debug|Any CPU
		{DAD4B8E6-6AEB-4267-980C-77E157B1AC36}.Release|Any CPU.ActiveCfg = Release|Any CPU
		{DAD4B8E6-6AEB-4267-980C-77E157B1AC36}.Release|Any CPU.Build.0 = Release|Any CPU
		{F78B3629-BC13-48BB-A8C4-6510E6D4012E}.Debug|Any CPU.ActiveCfg = Debug|Any CPU
		{F78B3629-BC13-48BB-A8C4-6510E6D4012E}.Debug|Any CPU.Build.0 = Debug|Any CPU
		{F78B3629-BC13-48BB-A8C4-6510E6D4012E}.Release|Any CPU.ActiveCfg = Release|Any CPU
		{F78B3629-BC13-48BB-A8C4-6510E6D4012E}.Release|Any CPU.Build.0 = Release|Any CPU
		{56A35D15-E0E0-428F-B912-D0AB316A9F96}.Debug|Any CPU.ActiveCfg = Debug|Any CPU
		{56A35D15-E0E0-428F-B912-D0AB316A9F96}.Debug|Any CPU.Build.0 = Debug|Any CPU
		{56A35D15-E0E0-428F-B912-D0AB316A9F96}.Release|Any CPU.ActiveCfg = Release|Any CPU
		{56A35D15-E0E0-428F-B912-D0AB316A9F96}.Release|Any CPU.Build.0 = Release|Any CPU
		{C8B2846D-01F0-467F-B92E-85193CCCB544}.Debug|Any CPU.ActiveCfg = Debug|Any CPU
		{C8B2846D-01F0-467F-B92E-85193CCCB544}.Debug|Any CPU.Build.0 = Debug|Any CPU
		{C8B2846D-01F0-467F-B92E-85193CCCB544}.Release|Any CPU.ActiveCfg = Release|Any CPU
		{C8B2846D-01F0-467F-B92E-85193CCCB544}.Release|Any CPU.Build.0 = Release|Any CPU
		{9DDA5ED0-464C-4FCB-B940-47EC8CD1DFD4}.Debug|Any CPU.ActiveCfg = Debug|Any CPU
		{9DDA5ED0-464C-4FCB-B940-47EC8CD1DFD4}.Debug|Any CPU.Build.0 = Debug|Any CPU
		{9DDA5ED0-464C-4FCB-B940-47EC8CD1DFD4}.Release|Any CPU.ActiveCfg = Release|Any CPU
		{9DDA5ED0-464C-4FCB-B940-47EC8CD1DFD4}.Release|Any CPU.Build.0 = Release|Any CPU
	EndGlobalSection
	GlobalSection(SolutionProperties) = preSolution
		HideSolutionNode = FALSE
	EndGlobalSection
	GlobalSection(ExtensibilityGlobals) = postSolution
		SolutionGuid = {207886A3-EDA6-44DF-95B4-6CCAD14A80E8}
	EndGlobalSection
EndGlobal
