
Microsoft Visual Studio Solution File, Format Version 12.00
# Visual Studio Version 16
VisualStudioVersion = 16.0.31105.61
MinimumVisualStudioVersion = 10.0.40219.1
Project("{9A19103F-16F7-4668-BE54-9A1E7A4F7556}") = "Lesson2", "Lesson2\Lesson2.csproj", "{0DC59510-148C-4228-9837-46C05019445A}"
EndProject
Project("{9A19103F-16F7-4668-BE54-9A1E7A4F7556}") = "Lesson1", "Lesson1\Lesson1.csproj", "{BC9E9D08-8C08-4073-9558-57B933734809}"
EndProject
Project("{9A19103F-16F7-4668-BE54-9A1E7A4F7556}") = "Lesson3", "Lesson3\Lesson3.csproj", "{91BE46E2-F651-4C77-9BC1-BF390094BB9F}"
EndProject
Project("{FAE04EC0-301F-11D3-BF4B-00C04F79EFBC}") = "Lesson6", "Lesson6\Lesson6.csproj", "{D66D7A22-EB70-4771-998D-818D20C5D2DC}"
EndProject
Project("{FAE04EC0-301F-11D3-BF4B-00C04F79EFBC}") = "Lesson6_Tests", "Lesson6_Tests\Lesson6_Tests.csproj", "{448C12D7-4A4E-463F-B9EC-A59063C2A015}"
EndProject
Global
	GlobalSection(SolutionConfigurationPlatforms) = preSolution
		Debug|Any CPU = Debug|Any CPU
		Release|Any CPU = Release|Any CPU
	EndGlobalSection
	GlobalSection(ProjectConfigurationPlatforms) = postSolution
		{0DC59510-148C-4228-9837-46C05019445A}.Debug|Any CPU.ActiveCfg = Debug|Any CPU
		{0DC59510-148C-4228-9837-46C05019445A}.Debug|Any CPU.Build.0 = Debug|Any CPU
		{0DC59510-148C-4228-9837-46C05019445A}.Release|Any CPU.ActiveCfg = Release|Any CPU
		{0DC59510-148C-4228-9837-46C05019445A}.Release|Any CPU.Build.0 = Release|Any CPU
		{BC9E9D08-8C08-4073-9558-57B933734809}.Debug|Any CPU.ActiveCfg = Debug|Any CPU
		{BC9E9D08-8C08-4073-9558-57B933734809}.Debug|Any CPU.Build.0 = Debug|Any CPU
		{BC9E9D08-8C08-4073-9558-57B933734809}.Release|Any CPU.ActiveCfg = Release|Any CPU
		{BC9E9D08-8C08-4073-9558-57B933734809}.Release|Any CPU.Build.0 = Release|Any CPU
		{91BE46E2-F651-4C77-9BC1-BF390094BB9F}.Debug|Any CPU.ActiveCfg = Debug|Any CPU
		{91BE46E2-F651-4C77-9BC1-BF390094BB9F}.Debug|Any CPU.Build.0 = Debug|Any CPU
		{91BE46E2-F651-4C77-9BC1-BF390094BB9F}.Release|Any CPU.ActiveCfg = Release|Any CPU
		{91BE46E2-F651-4C77-9BC1-BF390094BB9F}.Release|Any CPU.Build.0 = Release|Any CPU
		{D66D7A22-EB70-4771-998D-818D20C5D2DC}.Debug|Any CPU.ActiveCfg = Debug|Any CPU
		{D66D7A22-EB70-4771-998D-818D20C5D2DC}.Debug|Any CPU.Build.0 = Debug|Any CPU
		{D66D7A22-EB70-4771-998D-818D20C5D2DC}.Release|Any CPU.ActiveCfg = Release|Any CPU
		{D66D7A22-EB70-4771-998D-818D20C5D2DC}.Release|Any CPU.Build.0 = Release|Any CPU
		{448C12D7-4A4E-463F-B9EC-A59063C2A015}.Debug|Any CPU.ActiveCfg = Debug|Any CPU
		{448C12D7-4A4E-463F-B9EC-A59063C2A015}.Debug|Any CPU.Build.0 = Debug|Any CPU
		{448C12D7-4A4E-463F-B9EC-A59063C2A015}.Release|Any CPU.ActiveCfg = Release|Any CPU
		{448C12D7-4A4E-463F-B9EC-A59063C2A015}.Release|Any CPU.Build.0 = Release|Any CPU
	EndGlobalSection
	GlobalSection(SolutionProperties) = preSolution
		HideSolutionNode = FALSE
	EndGlobalSection
	GlobalSection(ExtensibilityGlobals) = postSolution
		SolutionGuid = {207886A3-EDA6-44DF-95B4-6CCAD14A80E8}
	EndGlobalSection
EndGlobal
